
Microsoft Visual Studio Solution File, Format Version 12.00
# Visual Studio Version 17
VisualStudioVersion = 17.12.35527.113
MinimumVisualStudioVersion = 10.0.40219.1
Project("{FAE04EC0-301F-11D3-BF4B-00C04F79EFBC}") = "ProgrammingLogic", "ProgrammingLogic\ProgrammingLogic.csproj", "{EE2F2543-CDFF-45CB-8C0F-C06AD8394316}"
EndProject
Project("{FAE04EC0-301F-11D3-BF4B-00C04F79EFBC}") = "Test", "Test\Test.csproj", "{4D9CFE88-B658-40DD-9135-68ECC8F6FC7A}"
EndProject
Project("{FAE04EC0-301F-11D3-BF4B-00C04F79EFBC}") = "FrontEnd", "FrontEnd\FrontEnd.csproj", "{30CA2CAB-90AB-46E8-8E75-8B8DA27D042D}"
EndProject
Global
	GlobalSection(SolutionConfigurationPlatforms) = preSolution
		Debug|Any CPU = Debug|Any CPU
		Release|Any CPU = Release|Any CPU
	EndGlobalSection
	GlobalSection(ProjectConfigurationPlatforms) = postSolution
		{EE2F2543-CDFF-45CB-8C0F-C06AD8394316}.Debug|Any CPU.ActiveCfg = Debug|Any CPU
		{EE2F2543-CDFF-45CB-8C0F-C06AD8394316}.Debug|Any CPU.Build.0 = Debug|Any CPU
		{EE2F2543-CDFF-45CB-8C0F-C06AD8394316}.Release|Any CPU.ActiveCfg = Release|Any CPU
		{EE2F2543-CDFF-45CB-8C0F-C06AD8394316}.Release|Any CPU.Build.0 = Release|Any CPU
		{4D9CFE88-B658-40DD-9135-68ECC8F6FC7A}.Debug|Any CPU.ActiveCfg = Debug|Any CPU
		{4D9CFE88-B658-40DD-9135-68ECC8F6FC7A}.Debug|Any CPU.Build.0 = Debug|Any CPU
		{4D9CFE88-B658-40DD-9135-68ECC8F6FC7A}.Release|Any CPU.ActiveCfg = Release|Any CPU
		{4D9CFE88-B658-40DD-9135-68ECC8F6FC7A}.Release|Any CPU.Build.0 = Release|Any CPU
		{30CA2CAB-90AB-46E8-8E75-8B8DA27D042D}.Debug|Any CPU.ActiveCfg = Debug|Any CPU
		{30CA2CAB-90AB-46E8-8E75-8B8DA27D042D}.Debug|Any CPU.Build.0 = Debug|Any CPU
		{30CA2CAB-90AB-46E8-8E75-8B8DA27D042D}.Release|Any CPU.ActiveCfg = Release|Any CPU
		{30CA2CAB-90AB-46E8-8E75-8B8DA27D042D}.Release|Any CPU.Build.0 = Release|Any CPU
	EndGlobalSection
	GlobalSection(SolutionProperties) = preSolution
		HideSolutionNode = FALSE
	EndGlobalSection
EndGlobal
